// !$*UTF8*$!
{
	archiveVersion = 1;
	classes = {
	};
	objectVersion = 50;
	objects = {

/* Begin PBXBuildFile section */
		00FAB85926C286B500A92EDD /* AppDelegate.swift in Sources */ = {isa = PBXBuildFile; fileRef = 00FAB85826C286B500A92EDD /* AppDelegate.swift */; };
		00FAB85B26C286B500A92EDD /* SceneDelegate.swift in Sources */ = {isa = PBXBuildFile; fileRef = 00FAB85A26C286B500A92EDD /* SceneDelegate.swift */; };
		00FAB85D26C286B500A92EDD /* ContentView.swift in Sources */ = {isa = PBXBuildFile; fileRef = 00FAB85C26C286B500A92EDD /* ContentView.swift */; };
		00FAB86026C286B500A92EDD /* BrithdayRemind.xcdatamodeld in Sources */ = {isa = PBXBuildFile; fileRef = 00FAB85E26C286B500A92EDD /* BrithdayRemind.xcdatamodeld */; };
		00FAB86226C286B800A92EDD /* Assets.xcassets in Resources */ = {isa = PBXBuildFile; fileRef = 00FAB86126C286B800A92EDD /* Assets.xcassets */; };
		00FAB86526C286B800A92EDD /* Preview Assets.xcassets in Resources */ = {isa = PBXBuildFile; fileRef = 00FAB86426C286B800A92EDD /* Preview Assets.xcassets */; };
		00FAB86826C286B800A92EDD /* LaunchScreen.storyboard in Resources */ = {isa = PBXBuildFile; fileRef = 00FAB86626C286B800A92EDD /* LaunchScreen.storyboard */; };
/* End PBXBuildFile section */

/* Begin PBXFileReference section */
		00FAB85526C286B500A92EDD /* BrithdayRemind.app */ = {isa = PBXFileReference; explicitFileType = wrapper.application; includeInIndex = 0; path = BrithdayRemind.app; sourceTree = BUILT_PRODUCTS_DIR; };
		00FAB85826C286B500A92EDD /* AppDelegate.swift */ = {isa = PBXFileReference; lastKnownFileType = sourcecode.swift; path = AppDelegate.swift; sourceTree = "<group>"; };
		00FAB85A26C286B500A92EDD /* SceneDelegate.swift */ = {isa = PBXFileReference; lastKnownFileType = sourcecode.swift; path = SceneDelegate.swift; sourceTree = "<group>"; };
		00FAB85C26C286B500A92EDD /* ContentView.swift */ = {isa = PBXFileReference; lastKnownFileType = sourcecode.swift; path = ContentView.swift; sourceTree = "<group>"; };
		00FAB85F26C286B500A92EDD /* BrithdayRemind.xcdatamodel */ = {isa = PBXFileReference; lastKnownFileType = wrapper.xcdatamodel; path = BrithdayRemind.xcdatamodel; sourceTree = "<group>"; };
		00FAB86126C286B800A92EDD /* Assets.xcassets */ = {isa = PBXFileReference; lastKnownFileType = folder.assetcatalog; path = Assets.xcassets; sourceTree = "<group>"; };
		00FAB86426C286B800A92EDD /* Preview Assets.xcassets */ = {isa = PBXFileReference; lastKnownFileType = folder.assetcatalog; path = "Preview Assets.xcassets"; sourceTree = "<group>"; };
		00FAB86726C286B800A92EDD /* Base */ = {isa = PBXFileReference; lastKnownFileType = file.storyboard; name = Base; path = Base.lproj/LaunchScreen.storyboard; sourceTree = "<group>"; };
		00FAB86926C286B800A92EDD /* Info.plist */ = {isa = PBXFileReference; lastKnownFileType = text.plist.xml; path = Info.plist; sourceTree = "<group>"; };
/* End PBXFileReference section */

/* Begin PBXFrameworksBuildPhase section */
		00FAB85226C286B500A92EDD /* Frameworks */ = {
			isa = PBXFrameworksBuildPhase;
			buildActionMask = 2147483647;
			files = (
			);
			runOnlyForDeploymentPostprocessing = 0;
		};
/* End PBXFrameworksBuildPhase section */

/* Begin PBXGroup section */
		00FAB84C26C286B400A92EDD = {
			isa = PBXGroup;
			children = (
				00FAB85726C286B500A92EDD /* BrithdayRemind */,
				00FAB85626C286B500A92EDD /* Products */,
			);
			sourceTree = "<group>";
		};
		00FAB85626C286B500A92EDD /* Products */ = {
			isa = PBXGroup;
			children = (
				00FAB85526C286B500A92EDD /* BrithdayRemind.app */,
			);
			name = Products;
			sourceTree = "<group>";
		};
		00FAB85726C286B500A92EDD /* BrithdayRemind */ = {
			isa = PBXGroup;
			children = (
				00FAB86F26C286DE00A92EDD /* Class */,
				00FAB85826C286B500A92EDD /* AppDelegate.swift */,
				00FAB85A26C286B500A92EDD /* SceneDelegate.swift */,
				00FAB85C26C286B500A92EDD /* ContentView.swift */,
				00FAB86126C286B800A92EDD /* Assets.xcassets */,
				00FAB86626C286B800A92EDD /* LaunchScreen.storyboard */,
				00FAB86926C286B800A92EDD /* Info.plist */,
				00FAB85E26C286B500A92EDD /* BrithdayRemind.xcdatamodeld */,
				00FAB86326C286B800A92EDD /* Preview Content */,
			);
			path = BrithdayRemind;
			sourceTree = "<group>";
		};
		00FAB86326C286B800A92EDD /* Preview Content */ = {
			isa = PBXGroup;
			children = (
				00FAB86426C286B800A92EDD /* Preview Assets.xcassets */,
			);
			path = "Preview Content";
			sourceTree = "<group>";
		};
		00FAB86F26C286DE00A92EDD /* Class */ = {
			isa = PBXGroup;
			children = (
				00FAB87226C286DE00A92EDD /* Main */,
				00FAB87026C286DE00A92EDD /* Tools */,
				00FAB87126C286DE00A92EDD /* Setting */,
			);
			path = Class;
			sourceTree = "<group>";
		};
		00FAB87026C286DE00A92EDD /* Tools */ = {
			isa = PBXGroup;
			children = (
			);
			path = Tools;
			sourceTree = "<group>";
		};
		00FAB87126C286DE00A92EDD /* Setting */ = {
			isa = PBXGroup;
			children = (
			);
			path = Setting;
			sourceTree = "<group>";
		};
		00FAB87226C286DE00A92EDD /* Main */ = {
			isa = PBXGroup;
			children = (
			);
			path = Main;
			sourceTree = "<group>";
		};
/* End PBXGroup section */

/* Begin PBXNativeTarget section */
		00FAB85426C286B500A92EDD /* BrithdayRemind */ = {
			isa = PBXNativeTarget;
			buildConfigurationList = 00FAB86C26C286B800A92EDD /* Build configuration list for PBXNativeTarget "BrithdayRemind" */;
			buildPhases = (
				00FAB85126C286B500A92EDD /* Sources */,
				00FAB85226C286B500A92EDD /* Frameworks */,
				00FAB85326C286B500A92EDD /* Resources */,
			);
			buildRules = (
			);
			dependencies = (
			);
			name = BrithdayRemind;
			productName = BrithdayRemind;
			productReference = 00FAB85526C286B500A92EDD /* BrithdayRemind.app */;
			productType = "com.apple.product-type.application";
		};
/* End PBXNativeTarget section */

/* Begin PBXProject section */
		00FAB84D26C286B400A92EDD /* Project object */ = {
			isa = PBXProject;
			attributes = {
				LastSwiftUpdateCheck = 1250;
				LastUpgradeCheck = 1250;
				TargetAttributes = {
					00FAB85426C286B500A92EDD = {
						CreatedOnToolsVersion = 12.5.1;
					};
				};
			};
			buildConfigurationList = 00FAB85026C286B400A92EDD /* Build configuration list for PBXProject "BrithdayRemind" */;
			compatibilityVersion = "Xcode 9.3";
			developmentRegion = en;
			hasScannedForEncodings = 0;
			knownRegions = (
				en,
				Base,
			);
			mainGroup = 00FAB84C26C286B400A92EDD;
			productRefGroup = 00FAB85626C286B500A92EDD /* Products */;
			projectDirPath = "";
			projectRoot = "";
			targets = (
				00FAB85426C286B500A92EDD /* BrithdayRemind */,
			);
		};
/* End PBXProject section */

/* Begin PBXResourcesBuildPhase section */
		00FAB85326C286B500A92EDD /* Resources */ = {
			isa = PBXResourcesBuildPhase;
			buildActionMask = 2147483647;
			files = (
				00FAB86826C286B800A92EDD /* LaunchScreen.storyboard in Resources */,
				00FAB86526C286B800A92EDD /* Preview Assets.xcassets in Resources */,
				00FAB86226C286B800A92EDD /* Assets.xcassets in Resources */,
			);
			runOnlyForDeploymentPostprocessing = 0;
		};
/* End PBXResourcesBuildPhase section */

/* Begin PBXSourcesBuildPhase section */
		00FAB85126C286B500A92EDD /* Sources */ = {
			isa = PBXSourcesBuildPhase;
			buildActionMask = 2147483647;
			files = (
				00FAB85926C286B500A92EDD /* AppDelegate.swift in Sources */,
				00FAB86026C286B500A92EDD /* BrithdayRemind.xcdatamodeld in Sources */,
				00FAB85B26C286B500A92EDD /* SceneDelegate.swift in Sources */,
				00FAB85D26C286B500A92EDD /* ContentView.swift in Sources */,
			);
			runOnlyForDeploymentPostprocessing = 0;
		};
/* End PBXSourcesBuildPhase section */

/* Begin PBXVariantGroup section */
		00FAB86626C286B800A92EDD /* LaunchScreen.storyboard */ = {
			isa = PBXVariantGroup;
			children = (
				00FAB86726C286B800A92EDD /* Base */,
			);
			name = LaunchScreen.storyboard;
			sourceTree = "<group>";
		};
/* End PBXVariantGroup section */

/* Begin XCBuildConfiguration section */
		00FAB86A26C286B800A92EDD /* Debug */ = {
			isa = XCBuildConfiguration;
			buildSettings = {
				ALWAYS_SEARCH_USER_PATHS = NO;
				CLANG_ANALYZER_NONNULL = YES;
				CLANG_ANALYZER_NUMBER_OBJECT_CONVERSION = YES_AGGRESSIVE;
				CLANG_CXX_LANGUAGE_STANDARD = "gnu++14";
				CLANG_CXX_LIBRARY = "libc++";
				CLANG_ENABLE_MODULES = YES;
				CLANG_ENABLE_OBJC_ARC = YES;
				CLANG_ENABLE_OBJC_WEAK = YES;
				CLANG_WARN_BLOCK_CAPTURE_AUTORELEASING = YES;
				CLANG_WARN_BOOL_CONVERSION = YES;
				CLANG_WARN_COMMA = YES;
				CLANG_WARN_CONSTANT_CONVERSION = YES;
				CLANG_WARN_DEPRECATED_OBJC_IMPLEMENTATIONS = YES;
				CLANG_WARN_DIRECT_OBJC_ISA_USAGE = YES_ERROR;
				CLANG_WARN_DOCUMENTATION_COMMENTS = YES;
				CLANG_WARN_EMPTY_BODY = YES;
				CLANG_WARN_ENUM_CONVERSION = YES;
				CLANG_WARN_INFINITE_RECURSION = YES;
				CLANG_WARN_INT_CONVERSION = YES;
				CLANG_WARN_NON_LITERAL_NULL_CONVERSION = YES;
				CLANG_WARN_OBJC_IMPLICIT_RETAIN_SELF = YES;
				CLANG_WARN_OBJC_LITERAL_CONVERSION = YES;
				CLANG_WARN_OBJC_ROOT_CLASS = YES_ERROR;
				CLANG_WARN_QUOTED_INCLUDE_IN_FRAMEWORK_HEADER = YES;
				CLANG_WARN_RANGE_LOOP_ANALYSIS = YES;
				CLANG_WARN_STRICT_PROTOTYPES = YES;
				CLANG_WARN_SUSPICIOUS_MOVE = YES;
				CLANG_WARN_UNGUARDED_AVAILABILITY = YES_AGGRESSIVE;
				CLANG_WARN_UNREACHABLE_CODE = YES;
				CLANG_WARN__DUPLICATE_METHOD_MATCH = YES;
				COPY_PHASE_STRIP = NO;
				DEBUG_INFORMATION_FORMAT = dwarf;
				ENABLE_STRICT_OBJC_MSGSEND = YES;
				ENABLE_TESTABILITY = YES;
				GCC_C_LANGUAGE_STANDARD = gnu11;
				GCC_DYNAMIC_NO_PIC = NO;
				GCC_NO_COMMON_BLOCKS = YES;
				GCC_OPTIMIZATION_LEVEL = 0;
				GCC_PREPROCESSOR_DEFINITIONS = (
					"DEBUG=1",
					"$(inherited)",
				);
				GCC_WARN_64_TO_32_BIT_CONVERSION = YES;
				GCC_WARN_ABOUT_RETURN_TYPE = YES_ERROR;
				GCC_WARN_UNDECLARED_SELECTOR = YES;
				GCC_WARN_UNINITIALIZED_AUTOS = YES_AGGRESSIVE;
				GCC_WARN_UNUSED_FUNCTION = YES;
				GCC_WARN_UNUSED_VARIABLE = YES;
				IPHONEOS_DEPLOYMENT_TARGET = 14.5;
				MTL_ENABLE_DEBUG_INFO = INCLUDE_SOURCE;
				MTL_FAST_MATH = YES;
				ONLY_ACTIVE_ARCH = YES;
				SDKROOT = iphoneos;
				SWIFT_ACTIVE_COMPILATION_CONDITIONS = DEBUG;
				SWIFT_OPTIMIZATION_LEVEL = "-Onone";
			};
			name = Debug;
		};
		00FAB86B26C286B800A92EDD /* Release */ = {
			isa = XCBuildConfiguration;
			buildSettings = {
				ALWAYS_SEARCH_USER_PATHS = NO;
				CLANG_ANALYZER_NONNULL = YES;
				CLANG_ANALYZER_NUMBER_OBJECT_CONVERSION = YES_AGGRESSIVE;
				CLANG_CXX_LANGUAGE_STANDARD = "gnu++14";
				CLANG_CXX_LIBRARY = "libc++";
				CLANG_ENABLE_MODULES = YES;
				CLANG_ENABLE_OBJC_ARC = YES;
				CLANG_ENABLE_OBJC_WEAK = YES;
				CLANG_WARN_BLOCK_CAPTURE_AUTORELEASING = YES;
				CLANG_WARN_BOOL_CONVERSION = YES;
				CLANG_WARN_COMMA = YES;
				CLANG_WARN_CONSTANT_CONVERSION = YES;
				CLANG_WARN_DEPRECATED_OBJC_IMPLEMENTATIONS = YES;
				CLANG_WARN_DIRECT_OBJC_ISA_USAGE = YES_ERROR;
				CLANG_WARN_DOCUMENTATION_COMMENTS = YES;
				CLANG_WARN_EMPTY_BODY = YES;
				CLANG_WARN_ENUM_CONVERSION = YES;
				CLANG_WARN_INFINITE_RECURSION = YES;
				CLANG_WARN_INT_CONVERSION = YES;
				CLANG_WARN_NON_LITERAL_NULL_CONVERSION = YES;
				CLANG_WARN_OBJC_IMPLICIT_RETAIN_SELF = YES;
				CLANG_WARN_OBJC_LITERAL_CONVERSION = YES;
				CLANG_WARN_OBJC_ROOT_CLASS = YES_ERROR;
				CLANG_WARN_QUOTED_INCLUDE_IN_FRAMEWORK_HEADER = YES;
				CLANG_WARN_RANGE_LOOP_ANALYSIS = YES;
				CLANG_WARN_STRICT_PROTOTYPES = YES;
				CLANG_WARN_SUSPICIOUS_MOVE = YES;
				CLANG_WARN_UNGUARDED_AVAILABILITY = YES_AGGRESSIVE;
				CLANG_WARN_UNREACHABLE_CODE = YES;
				CLANG_WARN__DUPLICATE_METHOD_MATCH = YES;
				COPY_PHASE_STRIP = NO;
				DEBUG_INFORMATION_FORMAT = "dwarf-with-dsym";
				ENABLE_NS_ASSERTIONS = NO;
				ENABLE_STRICT_OBJC_MSGSEND = YES;
				GCC_C_LANGUAGE_STANDARD = gnu11;
				GCC_NO_COMMON_BLOCKS = YES;
				GCC_WARN_64_TO_32_BIT_CONVERSION = YES;
				GCC_WARN_ABOUT_RETURN_TYPE = YES_ERROR;
				GCC_WARN_UNDECLARED_SELECTOR = YES;
				GCC_WARN_UNINITIALIZED_AUTOS = YES_AGGRESSIVE;
				GCC_WARN_UNUSED_FUNCTION = YES;
				GCC_WARN_UNUSED_VARIABLE = YES;
				IPHONEOS_DEPLOYMENT_TARGET = 14.5;
				MTL_ENABLE_DEBUG_INFO = NO;
				MTL_FAST_MATH = YES;
				SDKROOT = iphoneos;
				SWIFT_COMPILATION_MODE = wholemodule;
				SWIFT_OPTIMIZATION_LEVEL = "-O";
				VALIDATE_PRODUCT = YES;
			};
			name = Release;
		};
		00FAB86D26C286B800A92EDD /* Debug */ = {
			isa = XCBuildConfiguration;
			buildSettings = {
				ASSETCATALOG_COMPILER_APPICON_NAME = AppIcon;
				ASSETCATALOG_COMPILER_GLOBAL_ACCENT_COLOR_NAME = AccentColor;
				CODE_SIGN_STYLE = Automatic;
				DEVELOPMENT_ASSET_PATHS = "\"BrithdayRemind/Preview Content\"";
				DEVELOPMENT_TEAM = R7CRC7B682;
				ENABLE_PREVIEWS = YES;
				INFOPLIST_FILE = BrithdayRemind/Info.plist;
				LD_RUNPATH_SEARCH_PATHS = (
					"$(inherited)",
					"@executable_path/Frameworks",
				);
				PRODUCT_BUNDLE_IDENTIFIER = Asric.BrithdayRemind;
				PRODUCT_NAME = "$(TARGET_NAME)";
				SWIFT_VERSION = 5.0;
				TARGETED_DEVICE_FAMILY = "1,2";
			};
			name = Debug;
		};
		00FAB86E26C286B800A92EDD /* Release */ = {
			isa = XCBuildConfiguration;
			buildSettings = {
				ASSETCATALOG_COMPILER_APPICON_NAME = AppIcon;
				ASSETCATALOG_COMPILER_GLOBAL_ACCENT_COLOR_NAME = AccentColor;
				CODE_SIGN_STYLE = Automatic;
				DEVELOPMENT_ASSET_PATHS = "\"BrithdayRemind/Preview Content\"";
				DEVELOPMENT_TEAM = R7CRC7B682;
				ENABLE_PREVIEWS = YES;
				INFOPLIST_FILE = BrithdayRemind/Info.plist;
				LD_RUNPATH_SEARCH_PATHS = (
					"$(inherited)",
					"@executable_path/Frameworks",
				);
				PRODUCT_BUNDLE_IDENTIFIER = Asric.BrithdayRemind;
				PRODUCT_NAME = "$(TARGET_NAME)";
				SWIFT_VERSION = 5.0;
				TARGETED_DEVICE_FAMILY = "1,2";
			};
			name = Release;
		};
/* End XCBuildConfiguration section */

/* Begin XCConfigurationList section */
		00FAB85026C286B400A92EDD /* Build configuration list for PBXProject "BrithdayRemind" */ = {
			isa = XCConfigurationList;
			buildConfigurations = (
				00FAB86A26C286B800A92EDD /* Debug */,
				00FAB86B26C286B800A92EDD /* Release */,
			);
			defaultConfigurationIsVisible = 0;
			defaultConfigurationName = Release;
		};
		00FAB86C26C286B800A92EDD /* Build configuration list for PBXNativeTarget "BrithdayRemind" */ = {
			isa = XCConfigurationList;
			buildConfigurations = (
				00FAB86D26C286B800A92EDD /* Debug */,
				00FAB86E26C286B800A92EDD /* Release */,
			);
			defaultConfigurationIsVisible = 0;
			defaultConfigurationName = Release;
		};
/* End XCConfigurationList section */

/* Begin XCVersionGroup section */
		00FAB85E26C286B500A92EDD /* BrithdayRemind.xcdatamodeld */ = {
			isa = XCVersionGroup;
			children = (
				00FAB85F26C286B500A92EDD /* BrithdayRemind.xcdatamodel */,
			);
			currentVersion = 00FAB85F26C286B500A92EDD /* BrithdayRemind.xcdatamodel */;
			path = BrithdayRemind.xcdatamodeld;
			sourceTree = "<group>";
			versionGroupType = wrapper.xcdatamodel;
		};
/* End XCVersionGroup section */
	};
	rootObject = 00FAB84D26C286B400A92EDD /* Project object */;
}
